
Microsoft Visual Studio Solution File, Format Version 12.00
# Visual Studio 15
VisualStudioVersion = 15.0.27130.2024
MinimumVisualStudioVersion = 10.0.40219.1
Project("{FAE04EC0-301F-11D3-BF4B-00C04F79EFBC}") = "Zodiacon.ManagedWindows.Core", "Zodiacon.ManagedWindows.Core\Zodiacon.ManagedWindows.Core.csproj", "{47E49350-366C-484D-A17A-DEE5038147E1}"
EndProject
Project("{FAE04EC0-301F-11D3-BF4B-00C04F79EFBC}") = "Zodiacon.ManagedWindows.Processes", "Zodiacon.NativeWindows.Processes\Zodiacon.ManagedWindows.Processes.csproj", "{A9A06FB8-3B46-4BC3-98D6-625A981E57E1}"
EndProject
Project("{2150E333-8FDC-42A3-9474-1A3956D46DE8}") = "Tools", "Tools", "{8242CF65-5CAE-4B2F-8FB3-AAF6C466103C}"
EndProject
Project("{FAE04EC0-301F-11D3-BF4B-00C04F79EFBC}") = "ProcessList", "ProcessList\ProcessList.csproj", "{DC4D5557-91C4-44C7-A1DC-ED36232DA8F8}"
EndProject
Project("{FAE04EC0-301F-11D3-BF4B-00C04F79EFBC}") = "ModuleList", "ModuleList\ModuleList.csproj", "{AF4E6214-08CD-46AE-ADE0-2F79E04FF09E}"
EndProject
Project("{FAE04EC0-301F-11D3-BF4B-00C04F79EFBC}") = "QSliceX", "QSliceX\QSliceX.csproj", "{1C9418ED-18E0-4B34-9AD0-21717E721EC5}"
EndProject
Project("{FAE04EC0-301F-11D3-BF4B-00C04F79EFBC}") = "MemMap", "MemMap\MemMap.csproj", "{38CD96D2-B387-4B59-8EEE-C0C807705077}"
EndProject
Project("{FAE04EC0-301F-11D3-BF4B-00C04F79EFBC}") = "SysInfo", "SysInfo\SysInfo.csproj", "{CF10B7FF-FDB3-406D-B068-00B1BC903E90}"
EndProject
Project("{FAE04EC0-301F-11D3-BF4B-00C04F79EFBC}") = "HeapList", "HeapList\HeapList.csproj", "{AF569AD3-0FF7-4CB6-BFB5-36FA6B4C4F3B}"
EndProject
Project("{FAE04EC0-301F-11D3-BF4B-00C04F79EFBC}") = "ThreadList", "ThreadList\ThreadList.csproj", "{66077671-7C99-403E-9AE5-7FE3292F3886}"
EndProject
Project("{FAE04EC0-301F-11D3-BF4B-00C04F79EFBC}") = "Zodiacon.ManagedWindows.Windows", "Zodiacon.ManagedWindows.Windows\Zodiacon.ManagedWindows.Windows.csproj", "{EE70AC4F-3A00-4531-9C66-35F350E757FE}"
EndProject
Project("{FAE04EC0-301F-11D3-BF4B-00C04F79EFBC}") = "WindowsTree", "WindowsTree\WindowsTree.csproj", "{1710965E-E069-4B6F-B6F9-B045367EEDCC}"
EndProject
Project("{FAE04EC0-301F-11D3-BF4B-00C04F79EFBC}") = "HandleList", "HandleList\HandleList.csproj", "{2DD5FEDA-C21D-4F63-B928-48D47982FBE0}"
EndProject
Project("{FAE04EC0-301F-11D3-BF4B-00C04F79EFBC}") = "ProcessThreadList", "ProcessThreadList\ProcessThreadList.csproj", "{CA0C3D57-C155-4895-8A1F-311E2B06E214}"
EndProject
Global
	GlobalSection(SolutionConfigurationPlatforms) = preSolution
		Debug|Any CPU = Debug|Any CPU
		Release|Any CPU = Release|Any CPU
	EndGlobalSection
	GlobalSection(ProjectConfigurationPlatforms) = postSolution
		{47E49350-366C-484D-A17A-DEE5038147E1}.Debug|Any CPU.ActiveCfg = Debug|Any CPU
		{47E49350-366C-484D-A17A-DEE5038147E1}.Debug|Any CPU.Build.0 = Debug|Any CPU
		{47E49350-366C-484D-A17A-DEE5038147E1}.Release|Any CPU.ActiveCfg = Release|Any CPU
		{47E49350-366C-484D-A17A-DEE5038147E1}.Release|Any CPU.Build.0 = Release|Any CPU
		{A9A06FB8-3B46-4BC3-98D6-625A981E57E1}.Debug|Any CPU.ActiveCfg = Debug|Any CPU
		{A9A06FB8-3B46-4BC3-98D6-625A981E57E1}.Debug|Any CPU.Build.0 = Debug|Any CPU
		{A9A06FB8-3B46-4BC3-98D6-625A981E57E1}.Release|Any CPU.ActiveCfg = Release|Any CPU
		{A9A06FB8-3B46-4BC3-98D6-625A981E57E1}.Release|Any CPU.Build.0 = Release|Any CPU
		{DC4D5557-91C4-44C7-A1DC-ED36232DA8F8}.Debug|Any CPU.ActiveCfg = Debug|Any CPU
		{DC4D5557-91C4-44C7-A1DC-ED36232DA8F8}.Debug|Any CPU.Build.0 = Debug|Any CPU
		{DC4D5557-91C4-44C7-A1DC-ED36232DA8F8}.Release|Any CPU.ActiveCfg = Release|Any CPU
		{DC4D5557-91C4-44C7-A1DC-ED36232DA8F8}.Release|Any CPU.Build.0 = Release|Any CPU
		{AF4E6214-08CD-46AE-ADE0-2F79E04FF09E}.Debug|Any CPU.ActiveCfg = Debug|Any CPU
		{AF4E6214-08CD-46AE-ADE0-2F79E04FF09E}.Debug|Any CPU.Build.0 = Debug|Any CPU
		{AF4E6214-08CD-46AE-ADE0-2F79E04FF09E}.Release|Any CPU.ActiveCfg = Release|Any CPU
		{AF4E6214-08CD-46AE-ADE0-2F79E04FF09E}.Release|Any CPU.Build.0 = Release|Any CPU
		{1C9418ED-18E0-4B34-9AD0-21717E721EC5}.Debug|Any CPU.ActiveCfg = Debug|Any CPU
		{1C9418ED-18E0-4B34-9AD0-21717E721EC5}.Debug|Any CPU.Build.0 = Debug|Any CPU
		{1C9418ED-18E0-4B34-9AD0-21717E721EC5}.Release|Any CPU.ActiveCfg = Release|Any CPU
		{1C9418ED-18E0-4B34-9AD0-21717E721EC5}.Release|Any CPU.Build.0 = Release|Any CPU
		{38CD96D2-B387-4B59-8EEE-C0C807705077}.Debug|Any CPU.ActiveCfg = Debug|Any CPU
		{38CD96D2-B387-4B59-8EEE-C0C807705077}.Debug|Any CPU.Build.0 = Debug|Any CPU
		{38CD96D2-B387-4B59-8EEE-C0C807705077}.Release|Any CPU.ActiveCfg = Release|Any CPU
		{38CD96D2-B387-4B59-8EEE-C0C807705077}.Release|Any CPU.Build.0 = Release|Any CPU
		{CF10B7FF-FDB3-406D-B068-00B1BC903E90}.Debug|Any CPU.ActiveCfg = Debug|Any CPU
		{CF10B7FF-FDB3-406D-B068-00B1BC903E90}.Debug|Any CPU.Build.0 = Debug|Any CPU
		{CF10B7FF-FDB3-406D-B068-00B1BC903E90}.Release|Any CPU.ActiveCfg = Release|Any CPU
		{CF10B7FF-FDB3-406D-B068-00B1BC903E90}.Release|Any CPU.Build.0 = Release|Any CPU
		{AF569AD3-0FF7-4CB6-BFB5-36FA6B4C4F3B}.Debug|Any CPU.ActiveCfg = Debug|Any CPU
		{AF569AD3-0FF7-4CB6-BFB5-36FA6B4C4F3B}.Debug|Any CPU.Build.0 = Debug|Any CPU
		{AF569AD3-0FF7-4CB6-BFB5-36FA6B4C4F3B}.Release|Any CPU.ActiveCfg = Release|Any CPU
		{AF569AD3-0FF7-4CB6-BFB5-36FA6B4C4F3B}.Release|Any CPU.Build.0 = Release|Any CPU
		{66077671-7C99-403E-9AE5-7FE3292F3886}.Debug|Any CPU.ActiveCfg = Debug|Any CPU
		{66077671-7C99-403E-9AE5-7FE3292F3886}.Debug|Any CPU.Build.0 = Debug|Any CPU
		{66077671-7C99-403E-9AE5-7FE3292F3886}.Release|Any CPU.ActiveCfg = Release|Any CPU
		{66077671-7C99-403E-9AE5-7FE3292F3886}.Release|Any CPU.Build.0 = Release|Any CPU
		{EE70AC4F-3A00-4531-9C66-35F350E757FE}.Debug|Any CPU.ActiveCfg = Debug|Any CPU
		{EE70AC4F-3A00-4531-9C66-35F350E757FE}.Debug|Any CPU.Build.0 = Debug|Any CPU
		{EE70AC4F-3A00-4531-9C66-35F350E757FE}.Release|Any CPU.ActiveCfg = Release|Any CPU
		{EE70AC4F-3A00-4531-9C66-35F350E757FE}.Release|Any CPU.Build.0 = Release|Any CPU
		{1710965E-E069-4B6F-B6F9-B045367EEDCC}.Debug|Any CPU.ActiveCfg = Debug|Any CPU
		{1710965E-E069-4B6F-B6F9-B045367EEDCC}.Debug|Any CPU.Build.0 = Debug|Any CPU
		{1710965E-E069-4B6F-B6F9-B045367EEDCC}.Release|Any CPU.ActiveCfg = Release|Any CPU
		{1710965E-E069-4B6F-B6F9-B045367EEDCC}.Release|Any CPU.Build.0 = Release|Any CPU
		{2DD5FEDA-C21D-4F63-B928-48D47982FBE0}.Debug|Any CPU.ActiveCfg = Debug|Any CPU
		{2DD5FEDA-C21D-4F63-B928-48D47982FBE0}.Debug|Any CPU.Build.0 = Debug|Any CPU
		{2DD5FEDA-C21D-4F63-B928-48D47982FBE0}.Release|Any CPU.ActiveCfg = Release|Any CPU
		{2DD5FEDA-C21D-4F63-B928-48D47982FBE0}.Release|Any CPU.Build.0 = Release|Any CPU
		{CA0C3D57-C155-4895-8A1F-311E2B06E214}.Debug|Any CPU.ActiveCfg = Debug|Any CPU
		{CA0C3D57-C155-4895-8A1F-311E2B06E214}.Debug|Any CPU.Build.0 = Debug|Any CPU
		{CA0C3D57-C155-4895-8A1F-311E2B06E214}.Release|Any CPU.ActiveCfg = Release|Any CPU
		{CA0C3D57-C155-4895-8A1F-311E2B06E214}.Release|Any CPU.Build.0 = Release|Any CPU
	EndGlobalSection
	GlobalSection(SolutionProperties) = preSolution
		HideSolutionNode = FALSE
	EndGlobalSection
	GlobalSection(NestedProjects) = preSolution
		{DC4D5557-91C4-44C7-A1DC-ED36232DA8F8} = {8242CF65-5CAE-4B2F-8FB3-AAF6C466103C}
		{AF4E6214-08CD-46AE-ADE0-2F79E04FF09E} = {8242CF65-5CAE-4B2F-8FB3-AAF6C466103C}
		{1C9418ED-18E0-4B34-9AD0-21717E721EC5} = {8242CF65-5CAE-4B2F-8FB3-AAF6C466103C}
		{38CD96D2-B387-4B59-8EEE-C0C807705077} = {8242CF65-5CAE-4B2F-8FB3-AAF6C466103C}
		{CF10B7FF-FDB3-406D-B068-00B1BC903E90} = {8242CF65-5CAE-4B2F-8FB3-AAF6C466103C}
		{AF569AD3-0FF7-4CB6-BFB5-36FA6B4C4F3B} = {8242CF65-5CAE-4B2F-8FB3-AAF6C466103C}
		{66077671-7C99-403E-9AE5-7FE3292F3886} = {8242CF65-5CAE-4B2F-8FB3-AAF6C466103C}
		{1710965E-E069-4B6F-B6F9-B045367EEDCC} = {8242CF65-5CAE-4B2F-8FB3-AAF6C466103C}
		{2DD5FEDA-C21D-4F63-B928-48D47982FBE0} = {8242CF65-5CAE-4B2F-8FB3-AAF6C466103C}
		{CA0C3D57-C155-4895-8A1F-311E2B06E214} = {8242CF65-5CAE-4B2F-8FB3-AAF6C466103C}
	EndGlobalSection
	GlobalSection(ExtensibilityGlobals) = postSolution
		SolutionGuid = {6B161822-4FD6-4C00-BFE0-E95C08A1D6AA}
	EndGlobalSection
EndGlobal
